// !$*UTF8*$!
{
	archiveVersion = 1;
	classes = {
	};
	objectVersion = 56;
	objects = {

/* Begin PBXBuildFile section */
		F425922E2974E8EA0024DBEA /* HomeView.swift in Sources */ = {isa = PBXBuildFile; fileRef = F425922D2974E8EA0024DBEA /* HomeView.swift */; };
		F42592302974E8FE0024DBEA /* HistoryView.swift in Sources */ = {isa = PBXBuildFile; fileRef = F425922F2974E8FE0024DBEA /* HistoryView.swift */; };
		F42C2F4C29745CE20061CC92 /* MainTabBarController.swift in Sources */ = {isa = PBXBuildFile; fileRef = F42C2F4B29745CE20061CC92 /* MainTabBarController.swift */; };
		F48A62EC297C7A4E006A1041 /* HistoryImageCell.swift in Sources */ = {isa = PBXBuildFile; fileRef = F48A62EB297C7A4E006A1041 /* HistoryImageCell.swift */; };
		F4A4004E297718DB00961A4E /* RandomImage.swift in Sources */ = {isa = PBXBuildFile; fileRef = F4A4004D297718DB00961A4E /* RandomImage.swift */; };
		F4A4005129771D1900961A4E /* ImageAPI.swift in Sources */ = {isa = PBXBuildFile; fileRef = F4A4005029771D1900961A4E /* ImageAPI.swift */; };
		F4A4005429772BE200961A4E /* RandomImageService.swift in Sources */ = {isa = PBXBuildFile; fileRef = F4A4005329772BE200961A4E /* RandomImageService.swift */; };
		F4C38AF2296F473100DF89FC /* HistoryViewController.swift in Sources */ = {isa = PBXBuildFile; fileRef = F4C38AF1296F473100DF89FC /* HistoryViewController.swift */; };
		F4D9D56E297ECB9A0029483B /* UIDeviceWrapper.swift in Sources */ = {isa = PBXBuildFile; fileRef = F4D9D56D297ECB9A0029483B /* UIDeviceWrapper.swift */; };
		F4E75C6D296D515C00B33DA5 /* AppDelegate.swift in Sources */ = {isa = PBXBuildFile; fileRef = F4E75C6C296D515C00B33DA5 /* AppDelegate.swift */; };
		F4E75C6F296D515C00B33DA5 /* SceneDelegate.swift in Sources */ = {isa = PBXBuildFile; fileRef = F4E75C6E296D515C00B33DA5 /* SceneDelegate.swift */; };
		F4E75C71296D515C00B33DA5 /* HomeViewController.swift in Sources */ = {isa = PBXBuildFile; fileRef = F4E75C70296D515C00B33DA5 /* HomeViewController.swift */; };
		F4E75C76296D515C00B33DA5 /* Assets.xcassets in Resources */ = {isa = PBXBuildFile; fileRef = F4E75C75296D515C00B33DA5 /* Assets.xcassets */; };
		F4E75C79296D515C00B33DA5 /* LaunchScreen.storyboard in Resources */ = {isa = PBXBuildFile; fileRef = F4E75C77296D515C00B33DA5 /* LaunchScreen.storyboard */; };
/* End PBXBuildFile section */

/* Begin PBXFileReference section */
		F425922D2974E8EA0024DBEA /* HomeView.swift */ = {isa = PBXFileReference; lastKnownFileType = sourcecode.swift; path = HomeView.swift; sourceTree = "<group>"; };
		F425922F2974E8FE0024DBEA /* HistoryView.swift */ = {isa = PBXFileReference; lastKnownFileType = sourcecode.swift; path = HistoryView.swift; sourceTree = "<group>"; };
		F42C2F4B29745CE20061CC92 /* MainTabBarController.swift */ = {isa = PBXFileReference; lastKnownFileType = sourcecode.swift; path = MainTabBarController.swift; sourceTree = "<group>"; };
		F48A62EB297C7A4E006A1041 /* HistoryImageCell.swift */ = {isa = PBXFileReference; lastKnownFileType = sourcecode.swift; path = HistoryImageCell.swift; sourceTree = "<group>"; };
		F4A4004D297718DB00961A4E /* RandomImage.swift */ = {isa = PBXFileReference; lastKnownFileType = sourcecode.swift; path = RandomImage.swift; sourceTree = "<group>"; };
		F4A4005029771D1900961A4E /* ImageAPI.swift */ = {isa = PBXFileReference; lastKnownFileType = sourcecode.swift; path = ImageAPI.swift; sourceTree = "<group>"; };
		F4A4005329772BE200961A4E /* RandomImageService.swift */ = {isa = PBXFileReference; lastKnownFileType = sourcecode.swift; path = RandomImageService.swift; sourceTree = "<group>"; };
		F4C38AF1296F473100DF89FC /* HistoryViewController.swift */ = {isa = PBXFileReference; lastKnownFileType = sourcecode.swift; path = HistoryViewController.swift; sourceTree = "<group>"; };
		F4D9D56D297ECB9A0029483B /* UIDeviceWrapper.swift */ = {isa = PBXFileReference; lastKnownFileType = sourcecode.swift; path = UIDeviceWrapper.swift; sourceTree = "<group>"; };
		F4E75C69296D515C00B33DA5 /* RandImage.app */ = {isa = PBXFileReference; explicitFileType = wrapper.application; includeInIndex = 0; path = RandImage.app; sourceTree = BUILT_PRODUCTS_DIR; };
		F4E75C6C296D515C00B33DA5 /* AppDelegate.swift */ = {isa = PBXFileReference; lastKnownFileType = sourcecode.swift; path = AppDelegate.swift; sourceTree = "<group>"; };
		F4E75C6E296D515C00B33DA5 /* SceneDelegate.swift */ = {isa = PBXFileReference; lastKnownFileType = sourcecode.swift; path = SceneDelegate.swift; sourceTree = "<group>"; };
		F4E75C70296D515C00B33DA5 /* HomeViewController.swift */ = {isa = PBXFileReference; lastKnownFileType = sourcecode.swift; path = HomeViewController.swift; sourceTree = "<group>"; };
		F4E75C75296D515C00B33DA5 /* Assets.xcassets */ = {isa = PBXFileReference; lastKnownFileType = folder.assetcatalog; path = Assets.xcassets; sourceTree = "<group>"; };
		F4E75C78296D515C00B33DA5 /* Base */ = {isa = PBXFileReference; lastKnownFileType = file.storyboard; name = Base; path = Base.lproj/LaunchScreen.storyboard; sourceTree = "<group>"; };
		F4E75C7A296D515C00B33DA5 /* Info.plist */ = {isa = PBXFileReference; lastKnownFileType = text.plist.xml; path = Info.plist; sourceTree = "<group>"; };
/* End PBXFileReference section */

/* Begin PBXFrameworksBuildPhase section */
		F4E75C66296D515C00B33DA5 /* Frameworks */ = {
			isa = PBXFrameworksBuildPhase;
			buildActionMask = 2147483647;
			files = (
			);
			runOnlyForDeploymentPostprocessing = 0;
		};
/* End PBXFrameworksBuildPhase section */

/* Begin PBXGroup section */
		F425922B2974E78E0024DBEA /* Home */ = {
			isa = PBXGroup;
			children = (
				F4E75C70296D515C00B33DA5 /* HomeViewController.swift */,
				F425922D2974E8EA0024DBEA /* HomeView.swift */,
			);
			path = Home;
			sourceTree = "<group>";
		};
		F425922C2974E79A0024DBEA /* History */ = {
			isa = PBXGroup;
			children = (
				F4C38AF1296F473100DF89FC /* HistoryViewController.swift */,
				F425922F2974E8FE0024DBEA /* HistoryView.swift */,
				F48A62EB297C7A4E006A1041 /* HistoryImageCell.swift */,
			);
			path = History;
			sourceTree = "<group>";
		};
		F42592312974E9400024DBEA /* App */ = {
			isa = PBXGroup;
			children = (
				F4E75C6C296D515C00B33DA5 /* AppDelegate.swift */,
				F4E75C6E296D515C00B33DA5 /* SceneDelegate.swift */,
			);
			path = App;
			sourceTree = "<group>";
		};
		F42C2F4D29745EFD0061CC92 /* NavigationControllers */ = {
			isa = PBXGroup;
			children = (
				F42C2F4B29745CE20061CC92 /* MainTabBarController.swift */,
			);
			path = NavigationControllers;
			sourceTree = "<group>";
		};
		F4A4004C297718C700961A4E /* Models */ = {
			isa = PBXGroup;
			children = (
				F4A4004D297718DB00961A4E /* RandomImage.swift */,
			);
			path = Models;
			sourceTree = "<group>";
		};
		F4A4004F29771CDF00961A4E /* API */ = {
			isa = PBXGroup;
			children = (
				F4A4005029771D1900961A4E /* ImageAPI.swift */,
			);
			path = API;
			sourceTree = "<group>";
		};
		F4A4005229772BBA00961A4E /* Services */ = {
			isa = PBXGroup;
			children = (
				F4A4005329772BE200961A4E /* RandomImageService.swift */,
			);
			path = Services;
			sourceTree = "<group>";
		};
		F4D9D56C297ECB7E0029483B /* Extensions */ = {
			isa = PBXGroup;
			children = (
				F4D9D56D297ECB9A0029483B /* UIDeviceWrapper.swift */,
			);
			path = Extensions;
			sourceTree = "<group>";
		};
		F4E75C60296D515B00B33DA5 = {
			isa = PBXGroup;
			children = (
				F4E75C6B296D515C00B33DA5 /* RandImage */,
				F4E75C6A296D515C00B33DA5 /* Products */,
			);
			sourceTree = "<group>";
		};
		F4E75C6A296D515C00B33DA5 /* Products */ = {
			isa = PBXGroup;
			children = (
				F4E75C69296D515C00B33DA5 /* RandImage.app */,
			);
			name = Products;
			sourceTree = "<group>";
		};
		F4E75C6B296D515C00B33DA5 /* RandImage */ = {
			isa = PBXGroup;
			children = (
				F4D9D56C297ECB7E0029483B /* Extensions */,
				F4A4005229772BBA00961A4E /* Services */,
				F4A4004F29771CDF00961A4E /* API */,
				F4A4004C297718C700961A4E /* Models */,
				F42592312974E9400024DBEA /* App */,
				F425922C2974E79A0024DBEA /* History */,
				F425922B2974E78E0024DBEA /* Home */,
				F42C2F4D29745EFD0061CC92 /* NavigationControllers */,
				F4E75C75296D515C00B33DA5 /* Assets.xcassets */,
				F4E75C77296D515C00B33DA5 /* LaunchScreen.storyboard */,
				F4E75C7A296D515C00B33DA5 /* Info.plist */,
			);
			path = RandImage;
			sourceTree = "<group>";
		};
/* End PBXGroup section */

/* Begin PBXNativeTarget section */
		F4E75C68296D515C00B33DA5 /* RandImage */ = {
			isa = PBXNativeTarget;
			buildConfigurationList = F4E75C7D296D515C00B33DA5 /* Build configuration list for PBXNativeTarget "RandImage" */;
			buildPhases = (
				F4E75C65296D515C00B33DA5 /* Sources */,
				F4E75C66296D515C00B33DA5 /* Frameworks */,
				F4E75C67296D515C00B33DA5 /* Resources */,
			);
			buildRules = (
			);
			dependencies = (
			);
			name = RandImage;
			productName = RandImage;
			productReference = F4E75C69296D515C00B33DA5 /* RandImage.app */;
			productType = "com.apple.product-type.application";
		};
/* End PBXNativeTarget section */

/* Begin PBXProject section */
		F4E75C61296D515B00B33DA5 /* Project object */ = {
			isa = PBXProject;
			attributes = {
				BuildIndependentTargetsInParallel = 1;
				LastSwiftUpdateCheck = 1420;
				LastUpgradeCheck = 1420;
				TargetAttributes = {
					F4E75C68296D515C00B33DA5 = {
						CreatedOnToolsVersion = 14.2;
					};
				};
			};
			buildConfigurationList = F4E75C64296D515B00B33DA5 /* Build configuration list for PBXProject "RandImage" */;
			compatibilityVersion = "Xcode 14.0";
			developmentRegion = en;
			hasScannedForEncodings = 0;
			knownRegions = (
				en,
				Base,
			);
			mainGroup = F4E75C60296D515B00B33DA5;
			productRefGroup = F4E75C6A296D515C00B33DA5 /* Products */;
			projectDirPath = "";
			projectRoot = "";
			targets = (
				F4E75C68296D515C00B33DA5 /* RandImage */,
			);
		};
/* End PBXProject section */

/* Begin PBXResourcesBuildPhase section */
		F4E75C67296D515C00B33DA5 /* Resources */ = {
			isa = PBXResourcesBuildPhase;
			buildActionMask = 2147483647;
			files = (
				F4E75C79296D515C00B33DA5 /* LaunchScreen.storyboard in Resources */,
				F4E75C76296D515C00B33DA5 /* Assets.xcassets in Resources */,
			);
			runOnlyForDeploymentPostprocessing = 0;
		};
/* End PBXResourcesBuildPhase section */

/* Begin PBXSourcesBuildPhase section */
		F4E75C65296D515C00B33DA5 /* Sources */ = {
			isa = PBXSourcesBuildPhase;
			buildActionMask = 2147483647;
			files = (
				F4A4005429772BE200961A4E /* RandomImageService.swift in Sources */,
				F4E75C71296D515C00B33DA5 /* HomeViewController.swift in Sources */,
				F48A62EC297C7A4E006A1041 /* HistoryImageCell.swift in Sources */,
				F4E75C6D296D515C00B33DA5 /* AppDelegate.swift in Sources */,
				F4A4004E297718DB00961A4E /* RandomImage.swift in Sources */,
				F4A4005129771D1900961A4E /* ImageAPI.swift in Sources */,
				F42C2F4C29745CE20061CC92 /* MainTabBarController.swift in Sources */,
				F4E75C6F296D515C00B33DA5 /* SceneDelegate.swift in Sources */,
				F425922E2974E8EA0024DBEA /* HomeView.swift in Sources */,
				F4C38AF2296F473100DF89FC /* HistoryViewController.swift in Sources */,
				F42592302974E8FE0024DBEA /* HistoryView.swift in Sources */,
				F4D9D56E297ECB9A0029483B /* UIDeviceWrapper.swift in Sources */,
			);
			runOnlyForDeploymentPostprocessing = 0;
		};
/* End PBXSourcesBuildPhase section */

/* Begin PBXVariantGroup section */
		F4E75C77296D515C00B33DA5 /* LaunchScreen.storyboard */ = {
			isa = PBXVariantGroup;
			children = (
				F4E75C78296D515C00B33DA5 /* Base */,
			);
			name = LaunchScreen.storyboard;
			sourceTree = "<group>";
		};
/* End PBXVariantGroup section */

/* Begin XCBuildConfiguration section */
		F4E75C7B296D515C00B33DA5 /* Debug */ = {
			isa = XCBuildConfiguration;
			buildSettings = {
				ALWAYS_SEARCH_USER_PATHS = NO;
				CLANG_ANALYZER_NONNULL = YES;
				CLANG_ANALYZER_NUMBER_OBJECT_CONVERSION = YES_AGGRESSIVE;
				CLANG_CXX_LANGUAGE_STANDARD = "gnu++20";
				CLANG_ENABLE_MODULES = YES;
				CLANG_ENABLE_OBJC_ARC = YES;
				CLANG_ENABLE_OBJC_WEAK = YES;
				CLANG_WARN_BLOCK_CAPTURE_AUTORELEASING = YES;
				CLANG_WARN_BOOL_CONVERSION = YES;
				CLANG_WARN_COMMA = YES;
				CLANG_WARN_CONSTANT_CONVERSION = YES;
				CLANG_WARN_DEPRECATED_OBJC_IMPLEMENTATIONS = YES;
				CLANG_WARN_DIRECT_OBJC_ISA_USAGE = YES_ERROR;
				CLANG_WARN_DOCUMENTATION_COMMENTS = YES;
				CLANG_WARN_EMPTY_BODY = YES;
				CLANG_WARN_ENUM_CONVERSION = YES;
				CLANG_WARN_INFINITE_RECURSION = YES;
				CLANG_WARN_INT_CONVERSION = YES;
				CLANG_WARN_NON_LITERAL_NULL_CONVERSION = YES;
				CLANG_WARN_OBJC_IMPLICIT_RETAIN_SELF = YES;
				CLANG_WARN_OBJC_LITERAL_CONVERSION = YES;
				CLANG_WARN_OBJC_ROOT_CLASS = YES_ERROR;
				CLANG_WARN_QUOTED_INCLUDE_IN_FRAMEWORK_HEADER = YES;
				CLANG_WARN_RANGE_LOOP_ANALYSIS = YES;
				CLANG_WARN_STRICT_PROTOTYPES = YES;
				CLANG_WARN_SUSPICIOUS_MOVE = YES;
				CLANG_WARN_UNGUARDED_AVAILABILITY = YES_AGGRESSIVE;
				CLANG_WARN_UNREACHABLE_CODE = YES;
				CLANG_WARN__DUPLICATE_METHOD_MATCH = YES;
				COPY_PHASE_STRIP = NO;
				DEBUG_INFORMATION_FORMAT = dwarf;
				ENABLE_STRICT_OBJC_MSGSEND = YES;
				ENABLE_TESTABILITY = YES;
				GCC_C_LANGUAGE_STANDARD = gnu11;
				GCC_DYNAMIC_NO_PIC = NO;
				GCC_NO_COMMON_BLOCKS = YES;
				GCC_OPTIMIZATION_LEVEL = 0;
				GCC_PREPROCESSOR_DEFINITIONS = (
					"DEBUG=1",
					"$(inherited)",
				);
				GCC_WARN_64_TO_32_BIT_CONVERSION = YES;
				GCC_WARN_ABOUT_RETURN_TYPE = YES_ERROR;
				GCC_WARN_UNDECLARED_SELECTOR = YES;
				GCC_WARN_UNINITIALIZED_AUTOS = YES_AGGRESSIVE;
				GCC_WARN_UNUSED_FUNCTION = YES;
				GCC_WARN_UNUSED_VARIABLE = YES;
				IPHONEOS_DEPLOYMENT_TARGET = 16.2;
				MTL_ENABLE_DEBUG_INFO = INCLUDE_SOURCE;
				MTL_FAST_MATH = YES;
				ONLY_ACTIVE_ARCH = YES;
				SDKROOT = iphoneos;
				SWIFT_ACTIVE_COMPILATION_CONDITIONS = DEBUG;
				SWIFT_OPTIMIZATION_LEVEL = "-Onone";
			};
			name = Debug;
		};
		F4E75C7C296D515C00B33DA5 /* Release */ = {
			isa = XCBuildConfiguration;
			buildSettings = {
				ALWAYS_SEARCH_USER_PATHS = NO;
				CLANG_ANALYZER_NONNULL = YES;
				CLANG_ANALYZER_NUMBER_OBJECT_CONVERSION = YES_AGGRESSIVE;
				CLANG_CXX_LANGUAGE_STANDARD = "gnu++20";
				CLANG_ENABLE_MODULES = YES;
				CLANG_ENABLE_OBJC_ARC = YES;
				CLANG_ENABLE_OBJC_WEAK = YES;
				CLANG_WARN_BLOCK_CAPTURE_AUTORELEASING = YES;
				CLANG_WARN_BOOL_CONVERSION = YES;
				CLANG_WARN_COMMA = YES;
				CLANG_WARN_CONSTANT_CONVERSION = YES;
				CLANG_WARN_DEPRECATED_OBJC_IMPLEMENTATIONS = YES;
				CLANG_WARN_DIRECT_OBJC_ISA_USAGE = YES_ERROR;
				CLANG_WARN_DOCUMENTATION_COMMENTS = YES;
				CLANG_WARN_EMPTY_BODY = YES;
				CLANG_WARN_ENUM_CONVERSION = YES;
				CLANG_WARN_INFINITE_RECURSION = YES;
				CLANG_WARN_INT_CONVERSION = YES;
				CLANG_WARN_NON_LITERAL_NULL_CONVERSION = YES;
				CLANG_WARN_OBJC_IMPLICIT_RETAIN_SELF = YES;
				CLANG_WARN_OBJC_LITERAL_CONVERSION = YES;
				CLANG_WARN_OBJC_ROOT_CLASS = YES_ERROR;
				CLANG_WARN_QUOTED_INCLUDE_IN_FRAMEWORK_HEADER = YES;
				CLANG_WARN_RANGE_LOOP_ANALYSIS = YES;
				CLANG_WARN_STRICT_PROTOTYPES = YES;
				CLANG_WARN_SUSPICIOUS_MOVE = YES;
				CLANG_WARN_UNGUARDED_AVAILABILITY = YES_AGGRESSIVE;
				CLANG_WARN_UNREACHABLE_CODE = YES;
				CLANG_WARN__DUPLICATE_METHOD_MATCH = YES;
				COPY_PHASE_STRIP = NO;
				DEBUG_INFORMATION_FORMAT = "dwarf-with-dsym";
				ENABLE_NS_ASSERTIONS = NO;
				ENABLE_STRICT_OBJC_MSGSEND = YES;
				GCC_C_LANGUAGE_STANDARD = gnu11;
				GCC_NO_COMMON_BLOCKS = YES;
				GCC_WARN_64_TO_32_BIT_CONVERSION = YES;
				GCC_WARN_ABOUT_RETURN_TYPE = YES_ERROR;
				GCC_WARN_UNDECLARED_SELECTOR = YES;
				GCC_WARN_UNINITIALIZED_AUTOS = YES_AGGRESSIVE;
				GCC_WARN_UNUSED_FUNCTION = YES;
				GCC_WARN_UNUSED_VARIABLE = YES;
				IPHONEOS_DEPLOYMENT_TARGET = 16.2;
				MTL_ENABLE_DEBUG_INFO = NO;
				MTL_FAST_MATH = YES;
				SDKROOT = iphoneos;
				SWIFT_COMPILATION_MODE = wholemodule;
				SWIFT_OPTIMIZATION_LEVEL = "-O";
				VALIDATE_PRODUCT = YES;
			};
			name = Release;
		};
		F4E75C7E296D515C00B33DA5 /* Debug */ = {
			isa = XCBuildConfiguration;
			buildSettings = {
				ASSETCATALOG_COMPILER_APPICON_NAME = AppIcon;
				ASSETCATALOG_COMPILER_GLOBAL_ACCENT_COLOR_NAME = AccentColor;
				CODE_SIGN_STYLE = Automatic;
				CURRENT_PROJECT_VERSION = 1;
				DEVELOPMENT_TEAM = 6569CRFDRR;
				GENERATE_INFOPLIST_FILE = YES;
				INFOPLIST_FILE = RandImage/Info.plist;
				INFOPLIST_KEY_NSPhotoLibraryAddUsageDescription = "Allow me to save random photo.";
				INFOPLIST_KEY_UIApplicationSupportsIndirectInputEvents = YES;
				INFOPLIST_KEY_UILaunchStoryboardName = LaunchScreen;
				INFOPLIST_KEY_UISupportedInterfaceOrientations = UIInterfaceOrientationPortrait;
				INFOPLIST_KEY_UISupportedInterfaceOrientations_iPad = "UIInterfaceOrientationLandscapeLeft UIInterfaceOrientationLandscapeRight UIInterfaceOrientationPortrait UIInterfaceOrientationPortraitUpsideDown";
				IPHONEOS_DEPLOYMENT_TARGET = 16.1;
				LD_RUNPATH_SEARCH_PATHS = (
					"$(inherited)",
					"@executable_path/Frameworks",
				);
				MARKETING_VERSION = 1.0;
				PRODUCT_BUNDLE_IDENTIFIER = com.denysrybas.RandImage;
				PRODUCT_NAME = "$(TARGET_NAME)";
				SWIFT_EMIT_LOC_STRINGS = YES;
				SWIFT_VERSION = 5.0;
				TARGETED_DEVICE_FAMILY = "1,2";
			};
			name = Debug;
		};
		F4E75C7F296D515C00B33DA5 /* Release */ = {
			isa = XCBuildConfiguration;
			buildSettings = {
				ASSETCATALOG_COMPILER_APPICON_NAME = AppIcon;
				ASSETCATALOG_COMPILER_GLOBAL_ACCENT_COLOR_NAME = AccentColor;
				CODE_SIGN_STYLE = Automatic;
				CURRENT_PROJECT_VERSION = 1;
				DEVELOPMENT_TEAM = 6569CRFDRR;
				GENERATE_INFOPLIST_FILE = YES;
				INFOPLIST_FILE = RandImage/Info.plist;
				INFOPLIST_KEY_NSPhotoLibraryAddUsageDescription = "Allow me to save random photo.";
				INFOPLIST_KEY_UIApplicationSupportsIndirectInputEvents = YES;
				INFOPLIST_KEY_UILaunchStoryboardName = LaunchScreen;
				INFOPLIST_KEY_UISupportedInterfaceOrientations = UIInterfaceOrientationPortrait;
				INFOPLIST_KEY_UISupportedInterfaceOrientations_iPad = "UIInterfaceOrientationLandscapeLeft UIInterfaceOrientationLandscapeRight UIInterfaceOrientationPortrait UIInterfaceOrientationPortraitUpsideDown";
				IPHONEOS_DEPLOYMENT_TARGET = 16.1;
				LD_RUNPATH_SEARCH_PATHS = (
					"$(inherited)",
					"@executable_path/Frameworks",
				);
				MARKETING_VERSION = 1.0;
				PRODUCT_BUNDLE_IDENTIFIER = com.denysrybas.RandImage;
				PRODUCT_NAME = "$(TARGET_NAME)";
				SWIFT_EMIT_LOC_STRINGS = YES;
				SWIFT_VERSION = 5.0;
				TARGETED_DEVICE_FAMILY = "1,2";
			};
			name = Release;
		};
/* End XCBuildConfiguration section */

/* Begin XCConfigurationList section */
		F4E75C64296D515B00B33DA5 /* Build configuration list for PBXProject "RandImage" */ = {
			isa = XCConfigurationList;
			buildConfigurations = (
				F4E75C7B296D515C00B33DA5 /* Debug */,
				F4E75C7C296D515C00B33DA5 /* Release */,
			);
			defaultConfigurationIsVisible = 0;
			defaultConfigurationName = Release;
		};
		F4E75C7D296D515C00B33DA5 /* Build configuration list for PBXNativeTarget "RandImage" */ = {
			isa = XCConfigurationList;
			buildConfigurations = (
				F4E75C7E296D515C00B33DA5 /* Debug */,
				F4E75C7F296D515C00B33DA5 /* Release */,
			);
			defaultConfigurationIsVisible = 0;
			defaultConfigurationName = Release;
		};
/* End XCConfigurationList section */
	};
	rootObject = F4E75C61296D515B00B33DA5 /* Project object */;
}
